Microsoft Visual Studio Solution File, Format Version 12.00
# Visual Studio 14
VisualStudioVersion = 14.0.24720.0
MinimumVisualStudioVersion = 10.0.40219.1
Project("{2150E333-8FDC-42A3-9474-1A3956D46DE8}") = "Tests", "Tests", "{E2D1E971-A276-4CD0-B98E-BC15AC960CA9}"
EndProject
Project("{FAE04EC0-301F-11D3-BF4B-00C04F79EFBC}") = "Playground.Base", "Playground.Base\Playground.Base.csproj", "{00B8350A-498F-4EAA-9CD7-0B86C5461548}"
EndProject
Project("{FAE04EC0-301F-11D3-BF4B-00C04F79EFBC}") = "Playground.Web", "Playground.Web\Playground.Web.csproj", "{0AFC5177-5F24-4DFF-BC1F-CAC7F255D998}"
EndProject
Project("{CAA73BB0-EF22-4D79-A57E-DF67B3BA9C80}") = "Playground.TDS.Core", "Playground.TDS.Core\Playground.TDS.Core.scproj", "{2AAB9E2F-4EF7-4A11-9389-DF31FF1AAFF6}"
EndProject
Project("{CAA73BB0-EF22-4D79-A57E-DF67B3BA9C80}") = "Playground.TDS.Master", "Playground.TDS.Master\Playground.TDS.Master.scproj", "{FD094306-CB0B-45B0-91A1-AD2FC176E764}"
	ProjectSection(ProjectDependencies) = postProject
		{2AAB9E2F-4EF7-4A11-9389-DF31FF1AAFF6} = {2AAB9E2F-4EF7-4A11-9389-DF31FF1AAFF6}
	EndProjectSection
EndProject
Project("{CAA73BB0-EF22-4D79-A57E-DF67B3BA9C80}") = "Playground.TDS.Master.Content", "Playground.TDS.Master.Content\Playground.TDS.Master.Content.scproj", "{807E44CF-D131-445F-A3E9-88431BC8257F}"
	ProjectSection(ProjectDependencies) = postProject
		{FD094306-CB0B-45B0-91A1-AD2FC176E764} = {FD094306-CB0B-45B0-91A1-AD2FC176E764}
		{2AAB9E2F-4EF7-4A11-9389-DF31FF1AAFF6} = {2AAB9E2F-4EF7-4A11-9389-DF31FF1AAFF6}
	EndProjectSection
EndProject
Project("{FAE04EC0-301F-11D3-BF4B-00C04F79EFBC}") = "Playground.Environments", "Playground.Environments\Playground.Environments.csproj", "{E4B40932-A393-4EA6-AF01-353CCB5BCAC3}"
EndProject
Global
	GlobalSection(SolutionConfigurationPlatforms) = preSolution
		CI|Any CPU = CI|Any CPU
		Debug|Any CPU = Debug|Any CPU
		INT-Single|Any CPU = INT-Single|Any CPU
		PROD-CD|Any CPU = PROD-CD|Any CPU
		PROD-CM|Any CPU = PROD-CM|Any CPU
		PROD-Single|Any CPU = PROD-Single|Any CPU
		QA-Single|Any CPU = QA-Single|Any CPU
		Release|Any CPU = Release|Any CPU
		Sandbox|Any CPU = Sandbox|Any CPU
	EndGlobalSection
	GlobalSection(ProjectConfigurationPlatforms) = postSolution
		{00B8350A-498F-4EAA-9CD7-0B86C5461548}.CI|Any CPU.ActiveCfg = CI|Any CPU
		{00B8350A-498F-4EAA-9CD7-0B86C5461548}.CI|Any CPU.Build.0 = CI|Any CPU
		{00B8350A-498F-4EAA-9CD7-0B86C5461548}.Debug|Any CPU.ActiveCfg = Sandbox|Any CPU
		{00B8350A-498F-4EAA-9CD7-0B86C5461548}.Debug|Any CPU.Build.0 = Sandbox|Any CPU
		{00B8350A-498F-4EAA-9CD7-0B86C5461548}.INT-Single|Any CPU.ActiveCfg = INT-Single|Any CPU
		{00B8350A-498F-4EAA-9CD7-0B86C5461548}.INT-Single|Any CPU.Build.0 = INT-Single|Any CPU
		{00B8350A-498F-4EAA-9CD7-0B86C5461548}.PROD-CD|Any CPU.ActiveCfg = PROD-CD|Any CPU
		{00B8350A-498F-4EAA-9CD7-0B86C5461548}.PROD-CD|Any CPU.Build.0 = PROD-CD|Any CPU
		{00B8350A-498F-4EAA-9CD7-0B86C5461548}.PROD-CM|Any CPU.ActiveCfg = PROD-CM|Any CPU
		{00B8350A-498F-4EAA-9CD7-0B86C5461548}.PROD-CM|Any CPU.Build.0 = PROD-CM|Any CPU
		{00B8350A-498F-4EAA-9CD7-0B86C5461548}.PROD-Single|Any CPU.ActiveCfg = PROD-Single|Any CPU
		{00B8350A-498F-4EAA-9CD7-0B86C5461548}.PROD-Single|Any CPU.Build.0 = PROD-Single|Any CPU
		{00B8350A-498F-4EAA-9CD7-0B86C5461548}.QA-Single|Any CPU.ActiveCfg = QA-Single|Any CPU
		{00B8350A-498F-4EAA-9CD7-0B86C5461548}.QA-Single|Any CPU.Build.0 = QA-Single|Any CPU
		{00B8350A-498F-4EAA-9CD7-0B86C5461548}.Release|Any CPU.ActiveCfg = PROD-Single|Any CPU
		{00B8350A-498F-4EAA-9CD7-0B86C5461548}.Release|Any CPU.Build.0 = PROD-Single|Any CPU
		{00B8350A-498F-4EAA-9CD7-0B86C5461548}.Sandbox|Any CPU.ActiveCfg = Sandbox|Any CPU
		{00B8350A-498F-4EAA-9CD7-0B86C5461548}.Sandbox|Any CPU.Build.0 = Sandbox|Any CPU
		{0AFC5177-5F24-4DFF-BC1F-CAC7F255D998}.CI|Any CPU.ActiveCfg = CI|Any CPU
		{0AFC5177-5F24-4DFF-BC1F-CAC7F255D998}.CI|Any CPU.Build.0 = CI|Any CPU
		{0AFC5177-5F24-4DFF-BC1F-CAC7F255D998}.Debug|Any CPU.ActiveCfg = Sandbox|Any CPU
		{0AFC5177-5F24-4DFF-BC1F-CAC7F255D998}.Debug|Any CPU.Build.0 = Sandbox|Any CPU
		{0AFC5177-5F24-4DFF-BC1F-CAC7F255D998}.INT-Single|Any CPU.ActiveCfg = INT-Single|Any CPU
		{0AFC5177-5F24-4DFF-BC1F-CAC7F255D998}.INT-Single|Any CPU.Build.0 = INT-Single|Any CPU
		{0AFC5177-5F24-4DFF-BC1F-CAC7F255D998}.PROD-CD|Any CPU.ActiveCfg = PROD-CD|Any CPU
		{0AFC5177-5F24-4DFF-BC1F-CAC7F255D998}.PROD-CD|Any CPU.Build.0 = PROD-CD|Any CPU
		{0AFC5177-5F24-4DFF-BC1F-CAC7F255D998}.PROD-CM|Any CPU.ActiveCfg = PROD-CM|Any CPU
		{0AFC5177-5F24-4DFF-BC1F-CAC7F255D998}.PROD-CM|Any CPU.Build.0 = PROD-CM|Any CPU
		{0AFC5177-5F24-4DFF-BC1F-CAC7F255D998}.PROD-Single|Any CPU.ActiveCfg = PROD-Single|Any CPU
		{0AFC5177-5F24-4DFF-BC1F-CAC7F255D998}.PROD-Single|Any CPU.Build.0 = PROD-Single|Any CPU
		{0AFC5177-5F24-4DFF-BC1F-CAC7F255D998}.QA-Single|Any CPU.ActiveCfg = QA-Single|Any CPU
		{0AFC5177-5F24-4DFF-BC1F-CAC7F255D998}.QA-Single|Any CPU.Build.0 = QA-Single|Any CPU
		{0AFC5177-5F24-4DFF-BC1F-CAC7F255D998}.Release|Any CPU.ActiveCfg = PROD-Single|Any CPU
		{0AFC5177-5F24-4DFF-BC1F-CAC7F255D998}.Release|Any CPU.Build.0 = PROD-Single|Any CPU
		{0AFC5177-5F24-4DFF-BC1F-CAC7F255D998}.Sandbox|Any CPU.ActiveCfg = Sandbox|Any CPU
		{0AFC5177-5F24-4DFF-BC1F-CAC7F255D998}.Sandbox|Any CPU.Build.0 = Sandbox|Any CPU
		{2AAB9E2F-4EF7-4A11-9389-DF31FF1AAFF6}.CI|Any CPU.ActiveCfg = CI|Any CPU
		{2AAB9E2F-4EF7-4A11-9389-DF31FF1AAFF6}.CI|Any CPU.Build.0 = CI|Any CPU
		{2AAB9E2F-4EF7-4A11-9389-DF31FF1AAFF6}.Debug|Any CPU.ActiveCfg = Sandbox|Any CPU
		{2AAB9E2F-4EF7-4A11-9389-DF31FF1AAFF6}.Debug|Any CPU.Build.0 = Sandbox|Any CPU
		{2AAB9E2F-4EF7-4A11-9389-DF31FF1AAFF6}.Debug|Any CPU.Deploy.0 = Sandbox|Any CPU
		{2AAB9E2F-4EF7-4A11-9389-DF31FF1AAFF6}.INT-Single|Any CPU.ActiveCfg = INT-Single|Any CPU
		{2AAB9E2F-4EF7-4A11-9389-DF31FF1AAFF6}.INT-Single|Any CPU.Build.0 = INT-Single|Any CPU
		{2AAB9E2F-4EF7-4A11-9389-DF31FF1AAFF6}.PROD-CD|Any CPU.ActiveCfg = PROD-CD|Any CPU
		{2AAB9E2F-4EF7-4A11-9389-DF31FF1AAFF6}.PROD-CD|Any CPU.Build.0 = PROD-CD|Any CPU
		{2AAB9E2F-4EF7-4A11-9389-DF31FF1AAFF6}.PROD-CM|Any CPU.ActiveCfg = PROD-CM|Any CPU
		{2AAB9E2F-4EF7-4A11-9389-DF31FF1AAFF6}.PROD-CM|Any CPU.Build.0 = PROD-CM|Any CPU
		{2AAB9E2F-4EF7-4A11-9389-DF31FF1AAFF6}.PROD-Single|Any CPU.ActiveCfg = PROD-Single|Any CPU
		{2AAB9E2F-4EF7-4A11-9389-DF31FF1AAFF6}.PROD-Single|Any CPU.Build.0 = PROD-Single|Any CPU
		{2AAB9E2F-4EF7-4A11-9389-DF31FF1AAFF6}.QA-Single|Any CPU.ActiveCfg = QA-Single|Any CPU
		{2AAB9E2F-4EF7-4A11-9389-DF31FF1AAFF6}.QA-Single|Any CPU.Build.0 = QA-Single|Any CPU
		{2AAB9E2F-4EF7-4A11-9389-DF31FF1AAFF6}.Release|Any CPU.ActiveCfg = PROD-Single|Any CPU
		{2AAB9E2F-4EF7-4A11-9389-DF31FF1AAFF6}.Release|Any CPU.Build.0 = PROD-Single|Any CPU
		{2AAB9E2F-4EF7-4A11-9389-DF31FF1AAFF6}.Sandbox|Any CPU.ActiveCfg = Sandbox|Any CPU
		{2AAB9E2F-4EF7-4A11-9389-DF31FF1AAFF6}.Sandbox|Any CPU.Build.0 = Sandbox|Any CPU
		{2AAB9E2F-4EF7-4A11-9389-DF31FF1AAFF6}.Sandbox|Any CPU.Deploy.0 = Sandbox|Any CPU
		{FD094306-CB0B-45B0-91A1-AD2FC176E764}.CI|Any CPU.ActiveCfg = CI|Any CPU
		{FD094306-CB0B-45B0-91A1-AD2FC176E764}.CI|Any CPU.Build.0 = CI|Any CPU
		{FD094306-CB0B-45B0-91A1-AD2FC176E764}.Debug|Any CPU.ActiveCfg = Sandbox|Any CPU
		{FD094306-CB0B-45B0-91A1-AD2FC176E764}.Debug|Any CPU.Build.0 = Sandbox|Any CPU
		{FD094306-CB0B-45B0-91A1-AD2FC176E764}.Debug|Any CPU.Deploy.0 = Sandbox|Any CPU
		{FD094306-CB0B-45B0-91A1-AD2FC176E764}.INT-Single|Any CPU.ActiveCfg = INT-Single|Any CPU
		{FD094306-CB0B-45B0-91A1-AD2FC176E764}.INT-Single|Any CPU.Build.0 = INT-Single|Any CPU
		{FD094306-CB0B-45B0-91A1-AD2FC176E764}.PROD-CD|Any CPU.ActiveCfg = PROD-CD|Any CPU
		{FD094306-CB0B-45B0-91A1-AD2FC176E764}.PROD-CD|Any CPU.Build.0 = PROD-CD|Any CPU
		{FD094306-CB0B-45B0-91A1-AD2FC176E764}.PROD-CM|Any CPU.ActiveCfg = PROD-CM|Any CPU
		{FD094306-CB0B-45B0-91A1-AD2FC176E764}.PROD-CM|Any CPU.Build.0 = PROD-CM|Any CPU
		{FD094306-CB0B-45B0-91A1-AD2FC176E764}.PROD-Single|Any CPU.ActiveCfg = PROD-Single|Any CPU
		{FD094306-CB0B-45B0-91A1-AD2FC176E764}.PROD-Single|Any CPU.Build.0 = PROD-Single|Any CPU
		{FD094306-CB0B-45B0-91A1-AD2FC176E764}.QA-Single|Any CPU.ActiveCfg = QA-Single|Any CPU
		{FD094306-CB0B-45B0-91A1-AD2FC176E764}.QA-Single|Any CPU.Build.0 = QA-Single|Any CPU
		{FD094306-CB0B-45B0-91A1-AD2FC176E764}.Release|Any CPU.ActiveCfg = PROD-Single|Any CPU
		{FD094306-CB0B-45B0-91A1-AD2FC176E764}.Release|Any CPU.Build.0 = PROD-Single|Any CPU
		{FD094306-CB0B-45B0-91A1-AD2FC176E764}.Sandbox|Any CPU.ActiveCfg = Sandbox|Any CPU
		{FD094306-CB0B-45B0-91A1-AD2FC176E764}.Sandbox|Any CPU.Build.0 = Sandbox|Any CPU
		{FD094306-CB0B-45B0-91A1-AD2FC176E764}.Sandbox|Any CPU.Deploy.0 = Sandbox|Any CPU
		{807E44CF-D131-445F-A3E9-88431BC8257F}.CI|Any CPU.ActiveCfg = CI|Any CPU
		{807E44CF-D131-445F-A3E9-88431BC8257F}.CI|Any CPU.Build.0 = CI|Any CPU
		{807E44CF-D131-445F-A3E9-88431BC8257F}.Debug|Any CPU.ActiveCfg = Sandbox|Any CPU
		{807E44CF-D131-445F-A3E9-88431BC8257F}.Debug|Any CPU.Build.0 = Sandbox|Any CPU
		{807E44CF-D131-445F-A3E9-88431BC8257F}.Debug|Any CPU.Deploy.0 = Sandbox|Any CPU
		{807E44CF-D131-445F-A3E9-88431BC8257F}.INT-Single|Any CPU.ActiveCfg = INT-Single|Any CPU
		{807E44CF-D131-445F-A3E9-88431BC8257F}.INT-Single|Any CPU.Build.0 = INT-Single|Any CPU
		{807E44CF-D131-445F-A3E9-88431BC8257F}.PROD-CD|Any CPU.ActiveCfg = PROD-CD|Any CPU
		{807E44CF-D131-445F-A3E9-88431BC8257F}.PROD-CD|Any CPU.Build.0 = PROD-CD|Any CPU
		{807E44CF-D131-445F-A3E9-88431BC8257F}.PROD-CM|Any CPU.ActiveCfg = PROD-CM|Any CPU
		{807E44CF-D131-445F-A3E9-88431BC8257F}.PROD-CM|Any CPU.Build.0 = PROD-CM|Any CPU
		{807E44CF-D131-445F-A3E9-88431BC8257F}.PROD-Single|Any CPU.ActiveCfg = PROD-Single|Any CPU
		{807E44CF-D131-445F-A3E9-88431BC8257F}.PROD-Single|Any CPU.Build.0 = PROD-Single|Any CPU
		{807E44CF-D131-445F-A3E9-88431BC8257F}.QA-Single|Any CPU.ActiveCfg = QA-Single|Any CPU
		{807E44CF-D131-445F-A3E9-88431BC8257F}.QA-Single|Any CPU.Build.0 = QA-Single|Any CPU
		{807E44CF-D131-445F-A3E9-88431BC8257F}.Release|Any CPU.ActiveCfg = PROD-Single|Any CPU
		{807E44CF-D131-445F-A3E9-88431BC8257F}.Release|Any CPU.Build.0 = PROD-Single|Any CPU
		{807E44CF-D131-445F-A3E9-88431BC8257F}.Sandbox|Any CPU.ActiveCfg = Sandbox|Any CPU
		{807E44CF-D131-445F-A3E9-88431BC8257F}.Sandbox|Any CPU.Build.0 = Sandbox|Any CPU
		{807E44CF-D131-445F-A3E9-88431BC8257F}.Sandbox|Any CPU.Deploy.0 = Sandbox|Any CPU
		{E4B40932-A393-4EA6-AF01-353CCB5BCAC3}.CI|Any CPU.ActiveCfg = CI|Any CPU
		{E4B40932-A393-4EA6-AF01-353CCB5BCAC3}.CI|Any CPU.Build.0 = CI|Any CPU
		{E4B40932-A393-4EA6-AF01-353CCB5BCAC3}.Debug|Any CPU.ActiveCfg = Sandbox|Any CPU
		{E4B40932-A393-4EA6-AF01-353CCB5BCAC3}.Debug|Any CPU.Build.0 = Sandbox|Any CPU
		{E4B40932-A393-4EA6-AF01-353CCB5BCAC3}.INT-Single|Any CPU.ActiveCfg = INT-Single|Any CPU
		{E4B40932-A393-4EA6-AF01-353CCB5BCAC3}.INT-Single|Any CPU.Build.0 = INT-Single|Any CPU
		{E4B40932-A393-4EA6-AF01-353CCB5BCAC3}.PROD-CD|Any CPU.ActiveCfg = PROD-CD|Any CPU
		{E4B40932-A393-4EA6-AF01-353CCB5BCAC3}.PROD-CD|Any CPU.Build.0 = PROD-CD|Any CPU
		{E4B40932-A393-4EA6-AF01-353CCB5BCAC3}.PROD-CM|Any CPU.ActiveCfg = PROD-CM|Any CPU
		{E4B40932-A393-4EA6-AF01-353CCB5BCAC3}.PROD-CM|Any CPU.Build.0 = PROD-CM|Any CPU
		{E4B40932-A393-4EA6-AF01-353CCB5BCAC3}.PROD-Single|Any CPU.ActiveCfg = PROD-Single|Any CPU
		{E4B40932-A393-4EA6-AF01-353CCB5BCAC3}.PROD-Single|Any CPU.Build.0 = PROD-Single|Any CPU
		{E4B40932-A393-4EA6-AF01-353CCB5BCAC3}.QA-Single|Any CPU.ActiveCfg = QA-Single|Any CPU
		{E4B40932-A393-4EA6-AF01-353CCB5BCAC3}.QA-Single|Any CPU.Build.0 = QA-Single|Any CPU
		{E4B40932-A393-4EA6-AF01-353CCB5BCAC3}.Release|Any CPU.ActiveCfg = PROD-Single|Any CPU
		{E4B40932-A393-4EA6-AF01-353CCB5BCAC3}.Release|Any CPU.Build.0 = PROD-Single|Any CPU
		{E4B40932-A393-4EA6-AF01-353CCB5BCAC3}.Sandbox|Any CPU.ActiveCfg = Sandbox|Any CPU
		{E4B40932-A393-4EA6-AF01-353CCB5BCAC3}.Sandbox|Any CPU.Build.0 = Sandbox|Any CPU
		{92ED20A0-9E57-4B52-86BA-785D7FCF6A5A}.CI|Any CPU.ActiveCfg = Debug|Any CPU
		{92ED20A0-9E57-4B52-86BA-785D7FCF6A5A}.CI|Any CPU.Build.0 = Debug|Any CPU
		{92ED20A0-9E57-4B52-86BA-785D7FCF6A5A}.Debug|Any CPU.ActiveCfg = Debug|Any CPU
		{92ED20A0-9E57-4B52-86BA-785D7FCF6A5A}.Debug|Any CPU.Build.0 = Debug|Any CPU
		{92ED20A0-9E57-4B52-86BA-785D7FCF6A5A}.INT-Single|Any CPU.ActiveCfg = Release|Any CPU
		{92ED20A0-9E57-4B52-86BA-785D7FCF6A5A}.INT-Single|Any CPU.Build.0 = Release|Any CPU
		{92ED20A0-9E57-4B52-86BA-785D7FCF6A5A}.PROD-CD|Any CPU.ActiveCfg = Release|Any CPU
		{92ED20A0-9E57-4B52-86BA-785D7FCF6A5A}.PROD-CD|Any CPU.Build.0 = Release|Any CPU
		{92ED20A0-9E57-4B52-86BA-785D7FCF6A5A}.PROD-CM|Any CPU.ActiveCfg = Release|Any CPU
		{92ED20A0-9E57-4B52-86BA-785D7FCF6A5A}.PROD-CM|Any CPU.Build.0 = Release|Any CPU
		{92ED20A0-9E57-4B52-86BA-785D7FCF6A5A}.PROD-Single|Any CPU.ActiveCfg = Release|Any CPU
		{92ED20A0-9E57-4B52-86BA-785D7FCF6A5A}.PROD-Single|Any CPU.Build.0 = Release|Any CPU
		{92ED20A0-9E57-4B52-86BA-785D7FCF6A5A}.QA-Single|Any CPU.ActiveCfg = Release|Any CPU
		{92ED20A0-9E57-4B52-86BA-785D7FCF6A5A}.QA-Single|Any CPU.Build.0 = Release|Any CPU
		{92ED20A0-9E57-4B52-86BA-785D7FCF6A5A}.Release|Any CPU.ActiveCfg = Release|Any CPU
		{92ED20A0-9E57-4B52-86BA-785D7FCF6A5A}.Release|Any CPU.Build.0 = Release|Any CPU
		{92ED20A0-9E57-4B52-86BA-785D7FCF6A5A}.Sandbox|Any CPU.ActiveCfg = Debug|Any CPU
		{92ED20A0-9E57-4B52-86BA-785D7FCF6A5A}.Sandbox|Any CPU.Build.0 = Debug|Any CPU
	EndGlobalSection
	GlobalSection(SolutionProperties) = preSolution
		HideSolutionNode = FALSE
	EndGlobalSection
	GlobalSection(NestedProjects) = preSolution
		{92ED20A0-9E57-4B52-86BA-785D7FCF6A5A} = {E2D1E971-A276-4CD0-B98E-BC15AC960CA9}
	EndGlobalSection
EndGlobal
